// !$*UTF8*$!
{
	archiveVersion = 1;
	classes = {
	};
	objectVersion = 56;
	objects = {

/* Begin PBXBuildFile section */
		CE1609262C28AD1B0016D8BD /* DataLoader.swift in Sources */ = {isa = PBXBuildFile; fileRef = CE1609252C28AD1B0016D8BD /* DataLoader.swift */; };
		CE16092A2C2980D10016D8BD /* PathState.swift in Sources */ = {isa = PBXBuildFile; fileRef = CE1609292C2980D10016D8BD /* PathState.swift */; };
		CE16092C2C29E20B0016D8BD /* Friend.swift in Sources */ = {isa = PBXBuildFile; fileRef = CE16092B2C29E20B0016D8BD /* Friend.swift */; };
		CE16092E2C29EF1C0016D8BD /* PreviewSampleData.swift in Sources */ = {isa = PBXBuildFile; fileRef = CE16092D2C29EF1C0016D8BD /* PreviewSampleData.swift */; };
		CEE19B572C3701C40048CABE /* UserListView.swift in Sources */ = {isa = PBXBuildFile; fileRef = CEE19B562C3701C40048CABE /* UserListView.swift */; };
		CEF08E0F2C26DBC00025AD81 /* iNetworkApp.swift in Sources */ = {isa = PBXBuildFile; fileRef = CEF08E0E2C26DBC00025AD81 /* iNetworkApp.swift */; };
		CEF08E112C26DBC00025AD81 /* ContentView.swift in Sources */ = {isa = PBXBuildFile; fileRef = CEF08E102C26DBC00025AD81 /* ContentView.swift */; };
		CEF08E132C26DBC10025AD81 /* Assets.xcassets in Resources */ = {isa = PBXBuildFile; fileRef = CEF08E122C26DBC10025AD81 /* Assets.xcassets */; };
		CEF08E162C26DBC10025AD81 /* Preview Assets.xcassets in Resources */ = {isa = PBXBuildFile; fileRef = CEF08E152C26DBC10025AD81 /* Preview Assets.xcassets */; };
		CEF08E1F2C26DBF30025AD81 /* User.swift in Sources */ = {isa = PBXBuildFile; fileRef = CEF08E1E2C26DBF30025AD81 /* User.swift */; };
		CEF08E232C27464E0025AD81 /* UserDetailView.swift in Sources */ = {isa = PBXBuildFile; fileRef = CEF08E222C27464E0025AD81 /* UserDetailView.swift */; };
/* End PBXBuildFile section */

/* Begin PBXFileReference section */
		CE1609252C28AD1B0016D8BD /* DataLoader.swift */ = {isa = PBXFileReference; lastKnownFileType = sourcecode.swift; path = DataLoader.swift; sourceTree = "<group>"; };
		CE1609292C2980D10016D8BD /* PathState.swift */ = {isa = PBXFileReference; lastKnownFileType = sourcecode.swift; path = PathState.swift; sourceTree = "<group>"; };
		CE16092B2C29E20B0016D8BD /* Friend.swift */ = {isa = PBXFileReference; lastKnownFileType = sourcecode.swift; path = Friend.swift; sourceTree = "<group>"; };
		CE16092D2C29EF1C0016D8BD /* PreviewSampleData.swift */ = {isa = PBXFileReference; lastKnownFileType = sourcecode.swift; path = PreviewSampleData.swift; sourceTree = "<group>"; };
		CEE19B562C3701C40048CABE /* UserListView.swift */ = {isa = PBXFileReference; lastKnownFileType = sourcecode.swift; path = UserListView.swift; sourceTree = "<group>"; };
		CEF08E0B2C26DBC00025AD81 /* iNetwork.app */ = {isa = PBXFileReference; explicitFileType = wrapper.application; includeInIndex = 0; path = iNetwork.app; sourceTree = BUILT_PRODUCTS_DIR; };
		CEF08E0E2C26DBC00025AD81 /* iNetworkApp.swift */ = {isa = PBXFileReference; lastKnownFileType = sourcecode.swift; path = iNetworkApp.swift; sourceTree = "<group>"; };
		CEF08E102C26DBC00025AD81 /* ContentView.swift */ = {isa = PBXFileReference; lastKnownFileType = sourcecode.swift; path = ContentView.swift; sourceTree = "<group>"; };
		CEF08E122C26DBC10025AD81 /* Assets.xcassets */ = {isa = PBXFileReference; lastKnownFileType = folder.assetcatalog; path = Assets.xcassets; sourceTree = "<group>"; };
		CEF08E152C26DBC10025AD81 /* Preview Assets.xcassets */ = {isa = PBXFileReference; lastKnownFileType = folder.assetcatalog; path = "Preview Assets.xcassets"; sourceTree = "<group>"; };
		CEF08E1E2C26DBF30025AD81 /* User.swift */ = {isa = PBXFileReference; lastKnownFileType = sourcecode.swift; path = User.swift; sourceTree = "<group>"; };
		CEF08E222C27464E0025AD81 /* UserDetailView.swift */ = {isa = PBXFileReference; lastKnownFileType = sourcecode.swift; path = UserDetailView.swift; sourceTree = "<group>"; };
/* End PBXFileReference section */

/* Begin PBXFrameworksBuildPhase section */
		CEF08E082C26DBC00025AD81 /* Frameworks */ = {
			isa = PBXFrameworksBuildPhase;
			buildActionMask = 2147483647;
			files = (
			);
			runOnlyForDeploymentPostprocessing = 0;
		};
/* End PBXFrameworksBuildPhase section */

/* Begin PBXGroup section */
		CE1609242C28ACB20016D8BD /* Support */ = {
			isa = PBXGroup;
			children = (
				CE1609252C28AD1B0016D8BD /* DataLoader.swift */,
				CE1609292C2980D10016D8BD /* PathState.swift */,
				CE16092D2C29EF1C0016D8BD /* PreviewSampleData.swift */,
			);
			path = Support;
			sourceTree = "<group>";
		};
		CEF08E022C26DBC00025AD81 = {
			isa = PBXGroup;
			children = (
				CEF08E0D2C26DBC00025AD81 /* iNetwork */,
				CEF08E0C2C26DBC00025AD81 /* Products */,
			);
			sourceTree = "<group>";
		};
		CEF08E0C2C26DBC00025AD81 /* Products */ = {
			isa = PBXGroup;
			children = (
				CEF08E0B2C26DBC00025AD81 /* iNetwork.app */,
			);
			name = Products;
			sourceTree = "<group>";
		};
		CEF08E0D2C26DBC00025AD81 /* iNetwork */ = {
			isa = PBXGroup;
			children = (
				CEF08E0E2C26DBC00025AD81 /* iNetworkApp.swift */,
				CEF08E1D2C26DBDD0025AD81 /* Models */,
				CEF08E1C2C26DBCB0025AD81 /* Views */,
				CE1609242C28ACB20016D8BD /* Support */,
				CEF08E122C26DBC10025AD81 /* Assets.xcassets */,
				CEF08E142C26DBC10025AD81 /* Preview Content */,
			);
			path = iNetwork;
			sourceTree = "<group>";
		};
		CEF08E142C26DBC10025AD81 /* Preview Content */ = {
			isa = PBXGroup;
			children = (
				CEF08E152C26DBC10025AD81 /* Preview Assets.xcassets */,
			);
			path = "Preview Content";
			sourceTree = "<group>";
		};
		CEF08E1C2C26DBCB0025AD81 /* Views */ = {
			isa = PBXGroup;
			children = (
				CEF08E102C26DBC00025AD81 /* ContentView.swift */,
				CEE19B562C3701C40048CABE /* UserListView.swift */,
				CEF08E222C27464E0025AD81 /* UserDetailView.swift */,
			);
			path = Views;
			sourceTree = "<group>";
		};
		CEF08E1D2C26DBDD0025AD81 /* Models */ = {
			isa = PBXGroup;
			children = (
				CEF08E1E2C26DBF30025AD81 /* User.swift */,
				CE16092B2C29E20B0016D8BD /* Friend.swift */,
			);
			path = Models;
			sourceTree = "<group>";
		};
/* End PBXGroup section */

/* Begin PBXNativeTarget section */
		CEF08E0A2C26DBC00025AD81 /* iNetwork */ = {
			isa = PBXNativeTarget;
			buildConfigurationList = CEF08E192C26DBC10025AD81 /* Build configuration list for PBXNativeTarget "iNetwork" */;
			buildPhases = (
				CEF08E072C26DBC00025AD81 /* Sources */,
				CEF08E082C26DBC00025AD81 /* Frameworks */,
				CEF08E092C26DBC00025AD81 /* Resources */,
			);
			buildRules = (
			);
			dependencies = (
			);
			name = iNetwork;
			productName = iNetwork;
			productReference = CEF08E0B2C26DBC00025AD81 /* iNetwork.app */;
			productType = "com.apple.product-type.application";
		};
/* End PBXNativeTarget section */

/* Begin PBXProject section */
		CEF08E032C26DBC00025AD81 /* Project object */ = {
			isa = PBXProject;
			attributes = {
				BuildIndependentTargetsInParallel = 1;
				LastSwiftUpdateCheck = 1540;
				LastUpgradeCheck = 1540;
				TargetAttributes = {
					CEF08E0A2C26DBC00025AD81 = {
						CreatedOnToolsVersion = 15.4;
					};
				};
			};
			buildConfigurationList = CEF08E062C26DBC00025AD81 /* Build configuration list for PBXProject "iNetwork" */;
			compatibilityVersion = "Xcode 14.0";
			developmentRegion = en;
			hasScannedForEncodings = 0;
			knownRegions = (
				en,
				Base,
			);
			mainGroup = CEF08E022C26DBC00025AD81;
			productRefGroup = CEF08E0C2C26DBC00025AD81 /* Products */;
			projectDirPath = "";
			projectRoot = "";
			targets = (
				CEF08E0A2C26DBC00025AD81 /* iNetwork */,
			);
		};
/* End PBXProject section */

/* Begin PBXResourcesBuildPhase section */
		CEF08E092C26DBC00025AD81 /* Resources */ = {
			isa = PBXResourcesBuildPhase;
			buildActionMask = 2147483647;
			files = (
				CEF08E162C26DBC10025AD81 /* Preview Assets.xcassets in Resources */,
				CEF08E132C26DBC10025AD81 /* Assets.xcassets in Resources */,
			);
			runOnlyForDeploymentPostprocessing = 0;
		};
/* End PBXResourcesBuildPhase section */

/* Begin PBXSourcesBuildPhase section */
		CEF08E072C26DBC00025AD81 /* Sources */ = {
			isa = PBXSourcesBuildPhase;
			buildActionMask = 2147483647;
			files = (
				CEF08E112C26DBC00025AD81 /* ContentView.swift in Sources */,
				CEE19B572C3701C40048CABE /* UserListView.swift in Sources */,
				CE1609262C28AD1B0016D8BD /* DataLoader.swift in Sources */,
				CEF08E0F2C26DBC00025AD81 /* iNetworkApp.swift in Sources */,
				CEF08E232C27464E0025AD81 /* UserDetailView.swift in Sources */,
				CEF08E1F2C26DBF30025AD81 /* User.swift in Sources */,
				CE16092A2C2980D10016D8BD /* PathState.swift in Sources */,
				CE16092C2C29E20B0016D8BD /* Friend.swift in Sources */,
				CE16092E2C29EF1C0016D8BD /* PreviewSampleData.swift in Sources */,
			);
			runOnlyForDeploymentPostprocessing = 0;
		};
/* End PBXSourcesBuildPhase section */

/* Begin XCBuildConfiguration section */
		CEF08E172C26DBC10025AD81 /* Debug */ = {
			isa = XCBuildConfiguration;
			buildSettings = {
				ALWAYS_SEARCH_USER_PATHS = NO;
				ASSETCATALOG_COMPILER_GENERATE_SWIFT_ASSET_SYMBOL_EXTENSIONS = YES;
				CLANG_ANALYZER_NONNULL = YES;
				CLANG_ANALYZER_NUMBER_OBJECT_CONVERSION = YES_AGGRESSIVE;
				CLANG_CXX_LANGUAGE_STANDARD = "gnu++20";
				CLANG_ENABLE_MODULES = YES;
				CLANG_ENABLE_OBJC_ARC = YES;
				CLANG_ENABLE_OBJC_WEAK = YES;
				CLANG_WARN_BLOCK_CAPTURE_AUTORELEASING = YES;
				CLANG_WARN_BOOL_CONVERSION = YES;
				CLANG_WARN_COMMA = YES;
				CLANG_WARN_CONSTANT_CONVERSION = YES;
				CLANG_WARN_DEPRECATED_OBJC_IMPLEMENTATIONS = YES;
				CLANG_WARN_DIRECT_OBJC_ISA_USAGE = YES_ERROR;
				CLANG_WARN_DOCUMENTATION_COMMENTS = YES;
				CLANG_WARN_EMPTY_BODY = YES;
				CLANG_WARN_ENUM_CONVERSION = YES;
				CLANG_WARN_INFINITE_RECURSION = YES;
				CLANG_WARN_INT_CONVERSION = YES;
				CLANG_WARN_NON_LITERAL_NULL_CONVERSION = YES;
				CLANG_WARN_OBJC_IMPLICIT_RETAIN_SELF = YES;
				CLANG_WARN_OBJC_LITERAL_CONVERSION = YES;
				CLANG_WARN_OBJC_ROOT_CLASS = YES_ERROR;
				CLANG_WARN_QUOTED_INCLUDE_IN_FRAMEWORK_HEADER = YES;
				CLANG_WARN_RANGE_LOOP_ANALYSIS = YES;
				CLANG_WARN_STRICT_PROTOTYPES = YES;
				CLANG_WARN_SUSPICIOUS_MOVE = YES;
				CLANG_WARN_UNGUARDED_AVAILABILITY = YES_AGGRESSIVE;
				CLANG_WARN_UNREACHABLE_CODE = YES;
				CLANG_WARN__DUPLICATE_METHOD_MATCH = YES;
				COPY_PHASE_STRIP = NO;
				DEBUG_INFORMATION_FORMAT = dwarf;
				ENABLE_STRICT_OBJC_MSGSEND = YES;
				ENABLE_TESTABILITY = YES;
				ENABLE_USER_SCRIPT_SANDBOXING = YES;
				GCC_C_LANGUAGE_STANDARD = gnu17;
				GCC_DYNAMIC_NO_PIC = NO;
				GCC_NO_COMMON_BLOCKS = YES;
				GCC_OPTIMIZATION_LEVEL = 0;
				GCC_PREPROCESSOR_DEFINITIONS = (
					"DEBUG=1",
					"$(inherited)",
				);
				GCC_WARN_64_TO_32_BIT_CONVERSION = YES;
				GCC_WARN_ABOUT_RETURN_TYPE = YES_ERROR;
				GCC_WARN_UNDECLARED_SELECTOR = YES;
				GCC_WARN_UNINITIALIZED_AUTOS = YES_AGGRESSIVE;
				GCC_WARN_UNUSED_FUNCTION = YES;
				GCC_WARN_UNUSED_VARIABLE = YES;
				IPHONEOS_DEPLOYMENT_TARGET = 17.5;
				LOCALIZATION_PREFERS_STRING_CATALOGS = YES;
				MTL_ENABLE_DEBUG_INFO = INCLUDE_SOURCE;
				MTL_FAST_MATH = YES;
				ONLY_ACTIVE_ARCH = YES;
				SDKROOT = iphoneos;
				SWIFT_ACTIVE_COMPILATION_CONDITIONS = "DEBUG $(inherited)";
				SWIFT_OPTIMIZATION_LEVEL = "-Onone";
			};
			name = Debug;
		};
		CEF08E182C26DBC10025AD81 /* Release */ = {
			isa = XCBuildConfiguration;
			buildSettings = {
				ALWAYS_SEARCH_USER_PATHS = NO;
				ASSETCATALOG_COMPILER_GENERATE_SWIFT_ASSET_SYMBOL_EXTENSIONS = YES;
				CLANG_ANALYZER_NONNULL = YES;
				CLANG_ANALYZER_NUMBER_OBJECT_CONVERSION = YES_AGGRESSIVE;
				CLANG_CXX_LANGUAGE_STANDARD = "gnu++20";
				CLANG_ENABLE_MODULES = YES;
				CLANG_ENABLE_OBJC_ARC = YES;
				CLANG_ENABLE_OBJC_WEAK = YES;
				CLANG_WARN_BLOCK_CAPTURE_AUTORELEASING = YES;
				CLANG_WARN_BOOL_CONVERSION = YES;
				CLANG_WARN_COMMA = YES;
				CLANG_WARN_CONSTANT_CONVERSION = YES;
				CLANG_WARN_DEPRECATED_OBJC_IMPLEMENTATIONS = YES;
				CLANG_WARN_DIRECT_OBJC_ISA_USAGE = YES_ERROR;
				CLANG_WARN_DOCUMENTATION_COMMENTS = YES;
				CLANG_WARN_EMPTY_BODY = YES;
				CLANG_WARN_ENUM_CONVERSION = YES;
				CLANG_WARN_INFINITE_RECURSION = YES;
				CLANG_WARN_INT_CONVERSION = YES;
				CLANG_WARN_NON_LITERAL_NULL_CONVERSION = YES;
				CLANG_WARN_OBJC_IMPLICIT_RETAIN_SELF = YES;
				CLANG_WARN_OBJC_LITERAL_CONVERSION = YES;
				CLANG_WARN_OBJC_ROOT_CLASS = YES_ERROR;
				CLANG_WARN_QUOTED_INCLUDE_IN_FRAMEWORK_HEADER = YES;
				CLANG_WARN_RANGE_LOOP_ANALYSIS = YES;
				CLANG_WARN_STRICT_PROTOTYPES = YES;
				CLANG_WARN_SUSPICIOUS_MOVE = YES;
				CLANG_WARN_UNGUARDED_AVAILABILITY = YES_AGGRESSIVE;
				CLANG_WARN_UNREACHABLE_CODE = YES;
				CLANG_WARN__DUPLICATE_METHOD_MATCH = YES;
				COPY_PHASE_STRIP = NO;
				DEBUG_INFORMATION_FORMAT = "dwarf-with-dsym";
				ENABLE_NS_ASSERTIONS = NO;
				ENABLE_STRICT_OBJC_MSGSEND = YES;
				ENABLE_USER_SCRIPT_SANDBOXING = YES;
				GCC_C_LANGUAGE_STANDARD = gnu17;
				GCC_NO_COMMON_BLOCKS = YES;
				GCC_WARN_64_TO_32_BIT_CONVERSION = YES;
				GCC_WARN_ABOUT_RETURN_TYPE = YES_ERROR;
				GCC_WARN_UNDECLARED_SELECTOR = YES;
				GCC_WARN_UNINITIALIZED_AUTOS = YES_AGGRESSIVE;
				GCC_WARN_UNUSED_FUNCTION = YES;
				GCC_WARN_UNUSED_VARIABLE = YES;
				IPHONEOS_DEPLOYMENT_TARGET = 17.5;
				LOCALIZATION_PREFERS_STRING_CATALOGS = YES;
				MTL_ENABLE_DEBUG_INFO = NO;
				MTL_FAST_MATH = YES;
				SDKROOT = iphoneos;
				SWIFT_COMPILATION_MODE = wholemodule;
				VALIDATE_PRODUCT = YES;
			};
			name = Release;
		};
		CEF08E1A2C26DBC10025AD81 /* Debug */ = {
			isa = XCBuildConfiguration;
			buildSettings = {
				ASSETCATALOG_COMPILER_APPICON_NAME = AppIcon;
				ASSETCATALOG_COMPILER_GLOBAL_ACCENT_COLOR_NAME = AccentColor;
				CODE_SIGN_STYLE = Automatic;
				CURRENT_PROJECT_VERSION = 1;
				DEVELOPMENT_ASSET_PATHS = "\"iNetwork/Preview Content\"";
				DEVELOPMENT_TEAM = KL3TQFH3HV;
				ENABLE_PREVIEWS = YES;
				GENERATE_INFOPLIST_FILE = YES;
				INFOPLIST_KEY_UIApplicationSceneManifest_Generation = YES;
				INFOPLIST_KEY_UIApplicationSupportsIndirectInputEvents = YES;
				INFOPLIST_KEY_UILaunchScreen_Generation = YES;
				INFOPLIST_KEY_UISupportedInterfaceOrientations_iPad = "UIInterfaceOrientationPortrait UIInterfaceOrientationPortraitUpsideDown UIInterfaceOrientationLandscapeLeft UIInterfaceOrientationLandscapeRight";
				INFOPLIST_KEY_UISupportedInterfaceOrientations_iPhone = "UIInterfaceOrientationPortrait UIInterfaceOrientationLandscapeLeft UIInterfaceOrientationLandscapeRight";
				LD_RUNPATH_SEARCH_PATHS = (
					"$(inherited)",
					"@executable_path/Frameworks",
				);
				MARKETING_VERSION = 1.0;
				PRODUCT_BUNDLE_IDENTIFIER = me.islam.nowroz.iNetwork;
				PRODUCT_NAME = "$(TARGET_NAME)";
				SWIFT_EMIT_LOC_STRINGS = YES;
				SWIFT_STRICT_CONCURRENCY = minimal;
				SWIFT_VERSION = 5.0;
				TARGETED_DEVICE_FAMILY = "1,2";
			};
			name = Debug;
		};
		CEF08E1B2C26DBC10025AD81 /* Release */ = {
			isa = XCBuildConfiguration;
			buildSettings = {
				ASSETCATALOG_COMPILER_APPICON_NAME = AppIcon;
				ASSETCATALOG_COMPILER_GLOBAL_ACCENT_COLOR_NAME = AccentColor;
				CODE_SIGN_STYLE = Automatic;
				CURRENT_PROJECT_VERSION = 1;
				DEVELOPMENT_ASSET_PATHS = "\"iNetwork/Preview Content\"";
				DEVELOPMENT_TEAM = KL3TQFH3HV;
				ENABLE_PREVIEWS = YES;
				GENERATE_INFOPLIST_FILE = YES;
				INFOPLIST_KEY_UIApplicationSceneManifest_Generation = YES;
				INFOPLIST_KEY_UIApplicationSupportsIndirectInputEvents = YES;
				INFOPLIST_KEY_UILaunchScreen_Generation = YES;
				INFOPLIST_KEY_UISupportedInterfaceOrientations_iPad = "UIInterfaceOrientationPortrait UIInterfaceOrientationPortraitUpsideDown UIInterfaceOrientationLandscapeLeft UIInterfaceOrientationLandscapeRight";
				INFOPLIST_KEY_UISupportedInterfaceOrientations_iPhone = "UIInterfaceOrientationPortrait UIInterfaceOrientationLandscapeLeft UIInterfaceOrientationLandscapeRight";
				LD_RUNPATH_SEARCH_PATHS = (
					"$(inherited)",
					"@executable_path/Frameworks",
				);
				MARKETING_VERSION = 1.0;
				PRODUCT_BUNDLE_IDENTIFIER = me.islam.nowroz.iNetwork;
				PRODUCT_NAME = "$(TARGET_NAME)";
				SWIFT_EMIT_LOC_STRINGS = YES;
				SWIFT_STRICT_CONCURRENCY = minimal;
				SWIFT_VERSION = 5.0;
				TARGETED_DEVICE_FAMILY = "1,2";
			};
			name = Release;
		};
/* End XCBuildConfiguration section */

/* Begin XCConfigurationList section */
		CEF08E062C26DBC00025AD81 /* Build configuration list for PBXProject "iNetwork" */ = {
			isa = XCConfigurationList;
			buildConfigurations = (
				CEF08E172C26DBC10025AD81 /* Debug */,
				CEF08E182C26DBC10025AD81 /* Release */,
			);
			defaultConfigurationIsVisible = 0;
			defaultConfigurationName = Release;
		};
		CEF08E192C26DBC10025AD81 /* Build configuration list for PBXNativeTarget "iNetwork" */ = {
			isa = XCConfigurationList;
			buildConfigurations = (
				CEF08E1A2C26DBC10025AD81 /* Debug */,
				CEF08E1B2C26DBC10025AD81 /* Release */,
			);
			defaultConfigurationIsVisible = 0;
			defaultConfigurationName = Release;
		};
/* End XCConfigurationList section */
	};
	rootObject = CEF08E032C26DBC00025AD81 /* Project object */;
}
